
Microsoft Visual Studio Solution File, Format Version 12.00
# Visual Studio Version 17
VisualStudioVersion = 17.7.34018.315
MinimumVisualStudioVersion = 10.0.40219.1
Project("{9A19103F-16F7-4668-BE54-9A1E7A4F7556}") = "Bravi", "Bravi\Bravi.csproj", "{87C41B3D-8A2D-4B8D-8C6D-527CF944C496}"
EndProject
Project("{2150E333-8FDC-42A3-9474-1A3956D46DE8}") = "1-Web", "1-Web", "{B763C914-5876-4FCB-A3D3-2A60D51CC80F}"
EndProject
Project("{2150E333-8FDC-42A3-9474-1A3956D46DE8}") = "2-Application", "2-Application", "{424B9CD2-0C30-4DCB-8362-6FC8720D959F}"
EndProject
Project("{2150E333-8FDC-42A3-9474-1A3956D46DE8}") = "3-Domain", "3-Domain", "{285843C5-71A3-47AF-A207-4ADE5A91919B}"
EndProject
Project("{2150E333-8FDC-42A3-9474-1A3956D46DE8}") = "4-Infra", "4-Infra", "{2FD96DA5-F655-4496-8F12-AC08578C32C4}"
EndProject
Project("{FAE04EC0-301F-11D3-BF4B-00C04F79EFBC}") = "Bravi.Application", "Bravi.Application\Bravi.Application.csproj", "{A3A5A85B-3929-411C-9A6F-9CE1B1DF8315}"
EndProject
Project("{FAE04EC0-301F-11D3-BF4B-00C04F79EFBC}") = "Bravi.Domain", "Bravi.Domain\Bravi.Domain.csproj", "{47FFDF46-34DA-47C9-A6BC-F561C1FB054D}"
EndProject
Project("{2150E333-8FDC-42A3-9474-1A3956D46DE8}") = "4.1 Data", "4.1 Data", "{38F36CE7-1A5C-4C46-90B2-15C531C67285}"
EndProject
Project("{2150E333-8FDC-42A3-9474-1A3956D46DE8}") = "4.2 CrossCutting", "4.2 CrossCutting", "{89F82369-AE0E-4E6A-A2BE-34BF558B1080}"
EndProject
Project("{2150E333-8FDC-42A3-9474-1A3956D46DE8}") = "Context", "Context", "{FFC2028E-5933-404F-BAF9-3AC97A6727C5}"
EndProject
Project("{2150E333-8FDC-42A3-9474-1A3956D46DE8}") = "Mappings", "Mappings", "{7F891CC9-3693-4B2E-8614-E6567A941116}"
EndProject
Project("{2150E333-8FDC-42A3-9474-1A3956D46DE8}") = "Repositories", "Repositories", "{342F74E3-0EFB-4A49-802D-C8E3D173AB14}"
EndProject
Project("{FAE04EC0-301F-11D3-BF4B-00C04F79EFBC}") = "Bravi.Data", "Bravi.Data\Bravi.Data.csproj", "{F5D99963-BA5E-4298-AA99-34DD2BA230B2}"
EndProject
Global
	GlobalSection(SolutionConfigurationPlatforms) = preSolution
		Debug|Any CPU = Debug|Any CPU
		Release|Any CPU = Release|Any CPU
	EndGlobalSection
	GlobalSection(ProjectConfigurationPlatforms) = postSolution
		{87C41B3D-8A2D-4B8D-8C6D-527CF944C496}.Debug|Any CPU.ActiveCfg = Debug|Any CPU
		{87C41B3D-8A2D-4B8D-8C6D-527CF944C496}.Debug|Any CPU.Build.0 = Debug|Any CPU
		{87C41B3D-8A2D-4B8D-8C6D-527CF944C496}.Release|Any CPU.ActiveCfg = Release|Any CPU
		{87C41B3D-8A2D-4B8D-8C6D-527CF944C496}.Release|Any CPU.Build.0 = Release|Any CPU
		{A3A5A85B-3929-411C-9A6F-9CE1B1DF8315}.Debug|Any CPU.ActiveCfg = Debug|Any CPU
		{A3A5A85B-3929-411C-9A6F-9CE1B1DF8315}.Debug|Any CPU.Build.0 = Debug|Any CPU
		{A3A5A85B-3929-411C-9A6F-9CE1B1DF8315}.Release|Any CPU.ActiveCfg = Release|Any CPU
		{A3A5A85B-3929-411C-9A6F-9CE1B1DF8315}.Release|Any CPU.Build.0 = Release|Any CPU
		{47FFDF46-34DA-47C9-A6BC-F561C1FB054D}.Debug|Any CPU.ActiveCfg = Debug|Any CPU
		{47FFDF46-34DA-47C9-A6BC-F561C1FB054D}.Debug|Any CPU.Build.0 = Debug|Any CPU
		{47FFDF46-34DA-47C9-A6BC-F561C1FB054D}.Release|Any CPU.ActiveCfg = Release|Any CPU
		{47FFDF46-34DA-47C9-A6BC-F561C1FB054D}.Release|Any CPU.Build.0 = Release|Any CPU
		{F5D99963-BA5E-4298-AA99-34DD2BA230B2}.Debug|Any CPU.ActiveCfg = Debug|Any CPU
		{F5D99963-BA5E-4298-AA99-34DD2BA230B2}.Debug|Any CPU.Build.0 = Debug|Any CPU
		{F5D99963-BA5E-4298-AA99-34DD2BA230B2}.Release|Any CPU.ActiveCfg = Release|Any CPU
		{F5D99963-BA5E-4298-AA99-34DD2BA230B2}.Release|Any CPU.Build.0 = Release|Any CPU
	EndGlobalSection
	GlobalSection(SolutionProperties) = preSolution
		HideSolutionNode = FALSE
	EndGlobalSection
	GlobalSection(NestedProjects) = preSolution
		{87C41B3D-8A2D-4B8D-8C6D-527CF944C496} = {B763C914-5876-4FCB-A3D3-2A60D51CC80F}
		{A3A5A85B-3929-411C-9A6F-9CE1B1DF8315} = {424B9CD2-0C30-4DCB-8362-6FC8720D959F}
		{47FFDF46-34DA-47C9-A6BC-F561C1FB054D} = {285843C5-71A3-47AF-A207-4ADE5A91919B}
		{38F36CE7-1A5C-4C46-90B2-15C531C67285} = {2FD96DA5-F655-4496-8F12-AC08578C32C4}
		{89F82369-AE0E-4E6A-A2BE-34BF558B1080} = {2FD96DA5-F655-4496-8F12-AC08578C32C4}
		{FFC2028E-5933-404F-BAF9-3AC97A6727C5} = {38F36CE7-1A5C-4C46-90B2-15C531C67285}
		{7F891CC9-3693-4B2E-8614-E6567A941116} = {38F36CE7-1A5C-4C46-90B2-15C531C67285}
		{342F74E3-0EFB-4A49-802D-C8E3D173AB14} = {38F36CE7-1A5C-4C46-90B2-15C531C67285}
		{F5D99963-BA5E-4298-AA99-34DD2BA230B2} = {38F36CE7-1A5C-4C46-90B2-15C531C67285}
	EndGlobalSection
	GlobalSection(ExtensibilityGlobals) = postSolution
		SolutionGuid = {86AB0D20-083B-46C9-AF35-3D56295D23E8}
	EndGlobalSection
EndGlobal
